{
  "version": 4,
  "terraform_version": "1.2.2",
  "serial": 10,
  "lineage": "9b4de2f2-5a50-2876-a3f7-86758a75c6de",
  "outputs": {
    "server_ip": {
      "value": "code-178.128.58.119.nip.io",
      "type": "string"
    }
  },
  "resources": [
    {
      "mode": "data",
      "type": "digitalocean_image",
      "name": "golden-image",
      "provider": "provider[\"registry.terraform.io/digitalocean/digitalocean\"]",
      "instances": [
        {
          "schema_version": 0,
          "attributes": {
            "created": "2022-06-30T05:47:33Z",
            "description": "",
            "distribution": "Ubuntu",
            "error_message": "",
            "id": 111623337,
            "image": "111623337",
            "min_disk_size": 50,
            "name": "packer-golden-image",
            "private": true,
            "regions": [
              "sgp1"
            ],
            "size_gigabytes": 2.47,
            "slug": "",
            "source": "user",
            "status": "available",
            "tags": [],
            "type": "snapshot"
          },
          "sensitive_attributes": []
        }
      ]
    },
    {
      "mode": "data",
      "type": "digitalocean_ssh_key",
      "name": "aipc",
      "provider": "provider[\"registry.terraform.io/digitalocean/digitalocean\"]",
      "instances": [
        {
          "schema_version": 0,
          "attributes": {
            "fingerprint": "c2:a0:57:04:dc:46:94:89:79:c8:8c:15:7b:ec:76:fe",
            "id": 34996357,
            "name": "aipc",
            "public_key": "ssh-rsa AAAAB3NzaC1yc2EAAAADAQABAAABgQCpzAth4bspBzeuEVCwq5urv3T9qZ37zPB1tsVcOqD8JNWvbgYmYenkmZX9zNq2M8zFfT4YAjFUUDQPnu6zn682qv7JJBPocxO+6LOC1ebtB/xlPJQnLPVfPS5jG9aQt4sjmaP2ORdUQcdrm/YiAB8sBm3cWkbg+mEqFDxcBT8Fg2EZRq1azeD74emRHQMbf4EEsi9Lp6bC+6NoALMWDmbhHEqzXmhNwVzb7mDaXtSjo2BiWTYM4XRe/q4V0LWe0nS11j2UzJFffj1HDs//amz+/u2ZG3cOFJYX0xqocN2ODXbDH1kOzfAe4NZkyKnzaVAlrABALyQLIbR/32fypW+AxWQCWDDEEOnvlc/qqPDLQ6y/S5mu5jNTfie/9nZiiawwfBABEI9MROycd5Kq2TWoahY1qfwx34xVVxPlEDWVaonev7AxjhQZxcMUu6HP3MmFUn3b/fhU33GNfcwbYUvQnafqg0KgrLdTKRBnms8a44EP2RLuO5Dr92861bWGFrM= courseaccount@d-goh-85PKT\n"
          },
          "sensitive_attributes": []
        }
      ]
    },
    {
      "mode": "managed",
      "type": "digitalocean_droplet",
      "name": "ws2gninxansible",
      "provider": "provider[\"registry.terraform.io/digitalocean/digitalocean\"]",
      "instances": [
        {
          "schema_version": 1,
          "attributes": {
            "backups": false,
            "created_at": "2022-06-30T05:59:32Z",
            "disk": 50,
            "droplet_agent": null,
            "graceful_shutdown": false,
            "id": "306501516",
            "image": "111623337",
            "ipv4_address": "178.128.58.119",
            "ipv4_address_private": "10.104.0.5",
            "ipv6": false,
            "ipv6_address": "",
            "locked": false,
            "memory": 2048,
            "monitoring": false,
            "name": "ws2gninxansible",
            "price_hourly": 0.01488,
            "price_monthly": 10,
            "private_networking": true,
            "region": "sgp1",
            "resize_disk": true,
            "size": "s-1vcpu-2gb",
            "ssh_keys": [
              "34996357"
            ],
            "status": "active",
            "tags": [
              "CodeServerv4-4-0"
            ],
            "urn": "do:droplet:306501516",
            "user_data": null,
            "vcpus": 1,
            "volume_ids": [],
            "vpc_uuid": "7e74a928-c11c-4ab2-b88b-e14b3b4278d4"
          },
          "sensitive_attributes": [],
          "private": "eyJzY2hlbWFfdmVyc2lvbiI6IjEifQ==",
          "dependencies": [
            "data.digitalocean_image.golden-image",
            "data.digitalocean_ssh_key.aipc"
          ]
        }
      ]
    },
    {
      "mode": "managed",
      "type": "local_file",
      "name": "inventory",
      "provider": "provider[\"registry.terraform.io/hashicorp/local\"]",
      "instances": [
        {
          "schema_version": 0,
          "attributes": {
            "content": "all:\n  vars:\n      ansible_user: root\n      ansible_connection: ssh\n      ansible_ssh_private_key_file: /home/fred/.ssh/root_id_rsa\n\n  hosts:\n    server-0:\n      ansible_host: 178.128.58.119\n",
            "content_base64": null,
            "directory_permission": "0777",
            "file_permission": "0444",
            "filename": "inventory.yaml",
            "id": "7659bc0f2f1606eb5ab1bc23357dbe60bf4164b5",
            "sensitive_content": null,
            "source": null
          },
          "sensitive_attributes": [],
          "private": "bnVsbA==",
          "dependencies": [
            "data.digitalocean_image.golden-image",
            "data.digitalocean_ssh_key.aipc",
            "digitalocean_droplet.ws2gninxansible"
          ]
        }
      ]
    }
  ]
}
