{
  "version": 4,
  "terraform_version": "1.2.2",
  "serial": 9,
  "lineage": "bccf5e8d-b01e-7d75-e200-578998ca61a8",
  "outputs": {
    "nginx_ip": {
      "value": "128.199.174.177",
      "type": "string"
    }
  },
  "resources": [
    {
      "mode": "data",
      "type": "digitalocean_ssh_key",
      "name": "aipc",
      "provider": "provider[\"registry.terraform.io/digitalocean/digitalocean\"]",
      "instances": [
        {
          "schema_version": 0,
          "attributes": {
            "fingerprint": "c2:a0:57:04:dc:46:94:89:79:c8:8c:15:7b:ec:76:fe",
            "id": 34996357,
            "name": "aipc",
            "public_key": "ssh-rsa AAAAB3NzaC1yc2EAAAADAQABAAABgQCpzAth4bspBzeuEVCwq5urv3T9qZ37zPB1tsVcOqD8JNWvbgYmYenkmZX9zNq2M8zFfT4YAjFUUDQPnu6zn682qv7JJBPocxO+6LOC1ebtB/xlPJQnLPVfPS5jG9aQt4sjmaP2ORdUQcdrm/YiAB8sBm3cWkbg+mEqFDxcBT8Fg2EZRq1azeD74emRHQMbf4EEsi9Lp6bC+6NoALMWDmbhHEqzXmhNwVzb7mDaXtSjo2BiWTYM4XRe/q4V0LWe0nS11j2UzJFffj1HDs//amz+/u2ZG3cOFJYX0xqocN2ODXbDH1kOzfAe4NZkyKnzaVAlrABALyQLIbR/32fypW+AxWQCWDDEEOnvlc/qqPDLQ6y/S5mu5jNTfie/9nZiiawwfBABEI9MROycd5Kq2TWoahY1qfwx34xVVxPlEDWVaonev7AxjhQZxcMUu6HP3MmFUn3b/fhU33GNfcwbYUvQnafqg0KgrLdTKRBnms8a44EP2RLuO5Dr92861bWGFrM= courseaccount@d-goh-85PKT\n"
          },
          "sensitive_attributes": []
        }
      ]
    },
    {
      "mode": "managed",
      "type": "digitalocean_droplet",
      "name": "ws2gninxansible",
      "provider": "provider[\"registry.terraform.io/digitalocean/digitalocean\"]",
      "instances": [
        {
          "schema_version": 1,
          "attributes": {
            "backups": false,
            "created_at": "2022-06-29T06:15:04Z",
            "disk": 50,
            "droplet_agent": null,
            "graceful_shutdown": false,
            "id": "306352237",
            "image": "ubuntu-20-04-x64",
            "ipv4_address": "128.199.174.177",
            "ipv4_address_private": "10.104.0.4",
            "ipv6": false,
            "ipv6_address": "",
            "locked": false,
            "memory": 2048,
            "monitoring": false,
            "name": "ws2gninxansible",
            "price_hourly": 0.01488,
            "price_monthly": 10,
            "private_networking": true,
            "region": "sgp1",
            "resize_disk": true,
            "size": "s-1vcpu-2gb",
            "ssh_keys": [
              "34996357"
            ],
            "status": "active",
            "tags": [],
            "urn": "do:droplet:306352237",
            "user_data": null,
            "vcpus": 1,
            "volume_ids": [],
            "vpc_uuid": "7e74a928-c11c-4ab2-b88b-e14b3b4278d4"
          },
          "sensitive_attributes": [],
          "private": "eyJzY2hlbWFfdmVyc2lvbiI6IjEifQ==",
          "dependencies": [
            "data.digitalocean_ssh_key.aipc"
          ]
        }
      ]
    },
    {
      "mode": "managed",
      "type": "local_file",
      "name": "inventory",
      "provider": "provider[\"registry.terraform.io/hashicorp/local\"]",
      "instances": [
        {
          "schema_version": 0,
          "attributes": {
            "content": "all:\n  vars:\n      ansible_user: root\n      ansible_connection: ssh\n      ansible_ssh_private_key_file: /home/fred/.ssh/root_id_rsa\n      packages_to_install:\n      - name: nginx\n        state: started\n      - name: mysql-server\n        state: started\n\n  hosts:\n    server-0:\n      ansible_host: 128.199.174.177\n",
            "content_base64": null,
            "directory_permission": "0777",
            "file_permission": "0444",
            "filename": "inventory.yaml",
            "id": "ed47461d85385240681166020e2c78b468063f0b",
            "sensitive_content": null,
            "source": null
          },
          "sensitive_attributes": [],
          "private": "bnVsbA==",
          "dependencies": [
            "digitalocean_droplet.ws2gninxansible"
          ]
        }
      ]
    }
  ]
}
